
Microsoft Visual Studio Solution File, Format Version 12.00
# Visual Studio Version 16
VisualStudioVersion = 16.0.29519.181
MinimumVisualStudioVersion = 10.0.40219.1
Project("{FAE04EC0-301F-11D3-BF4B-00C04F79EFBC}") = "LmcLib", "LmcLib\LmcLib.csproj", "{DE204128-01C6-4EF4-96A7-0055F1990BD5}"
EndProject
Project("{FAE04EC0-301F-11D3-BF4B-00C04F79EFBC}") = "LmcSharp", "LmcSharp\LmcSharp.csproj", "{C06FD900-1613-4465-9CB1-AA0F53C4C47C}"
EndProject
Global
	GlobalSection(SolutionConfigurationPlatforms) = preSolution
		Debug|Any CPU = Debug|Any CPU
		Release|Any CPU = Release|Any CPU
	EndGlobalSection
	GlobalSection(ProjectConfigurationPlatforms) = postSolution
		{DE204128-01C6-4EF4-96A7-0055F1990BD5}.Debug|Any CPU.ActiveCfg = Debug|Any CPU
		{DE204128-01C6-4EF4-96A7-0055F1990BD5}.Debug|Any CPU.Build.0 = Debug|Any CPU
		{DE204128-01C6-4EF4-96A7-0055F1990BD5}.Release|Any CPU.ActiveCfg = Release|Any CPU
		{DE204128-01C6-4EF4-96A7-0055F1990BD5}.Release|Any CPU.Build.0 = Release|Any CPU
		{C06FD900-1613-4465-9CB1-AA0F53C4C47C}.Debug|Any CPU.ActiveCfg = Debug|Any CPU
		{C06FD900-1613-4465-9CB1-AA0F53C4C47C}.Debug|Any CPU.Build.0 = Debug|Any CPU
		{C06FD900-1613-4465-9CB1-AA0F53C4C47C}.Release|Any CPU.ActiveCfg = Release|Any CPU
		{C06FD900-1613-4465-9CB1-AA0F53C4C47C}.Release|Any CPU.Build.0 = Release|Any CPU
	EndGlobalSection
	GlobalSection(SolutionProperties) = preSolution
		HideSolutionNode = FALSE
	EndGlobalSection
	GlobalSection(ExtensibilityGlobals) = postSolution
		SolutionGuid = {C99CD2C8-E394-4893-A245-0D70CBC979D1}
	EndGlobalSection
EndGlobal
